// !$*UTF8*$!
{
	archiveVersion = 1;
	classes = {
	};
	objectVersion = 55;
	objects = {

/* Begin PBXBuildFile section */
		845B2FE526FBA983009EA07F /* AppDelegate.swift in Sources */ = {isa = PBXBuildFile; fileRef = 845B2FE426FBA983009EA07F /* AppDelegate.swift */; };
		845B2FE726FBA983009EA07F /* SceneDelegate.swift in Sources */ = {isa = PBXBuildFile; fileRef = 845B2FE626FBA983009EA07F /* SceneDelegate.swift */; };
		845B2FE926FBA983009EA07F /* ViewController.swift in Sources */ = {isa = PBXBuildFile; fileRef = 845B2FE826FBA983009EA07F /* ViewController.swift */; };
		845B2FEC26FBA983009EA07F /* Main.storyboard in Resources */ = {isa = PBXBuildFile; fileRef = 845B2FEA26FBA983009EA07F /* Main.storyboard */; };
		845B2FEE26FBA986009EA07F /* Assets.xcassets in Resources */ = {isa = PBXBuildFile; fileRef = 845B2FED26FBA986009EA07F /* Assets.xcassets */; };
		845B2FF126FBA986009EA07F /* LaunchScreen.storyboard in Resources */ = {isa = PBXBuildFile; fileRef = 845B2FEF26FBA986009EA07F /* LaunchScreen.storyboard */; };
		845B2FF926FBAAE6009EA07F /* Discovery.swift in Sources */ = {isa = PBXBuildFile; fileRef = 845B2FF826FBAAE6009EA07F /* Discovery.swift */; };
		845B2FFB26FBABAE009EA07F /* LibraryCell.swift in Sources */ = {isa = PBXBuildFile; fileRef = 845B2FFA26FBABAE009EA07F /* LibraryCell.swift */; };
		84A7B71726FCE2000031EB2B /* ListenAgainCell.swift in Sources */ = {isa = PBXBuildFile; fileRef = 84A7B71626FCE2000031EB2B /* ListenAgainCell.swift */; };
/* End PBXBuildFile section */

/* Begin PBXFileReference section */
		845B2FE126FBA983009EA07F /* CollectionViewDiscover.app */ = {isa = PBXFileReference; explicitFileType = wrapper.application; includeInIndex = 0; path = CollectionViewDiscover.app; sourceTree = BUILT_PRODUCTS_DIR; };
		845B2FE426FBA983009EA07F /* AppDelegate.swift */ = {isa = PBXFileReference; lastKnownFileType = sourcecode.swift; path = AppDelegate.swift; sourceTree = "<group>"; };
		845B2FE626FBA983009EA07F /* SceneDelegate.swift */ = {isa = PBXFileReference; lastKnownFileType = sourcecode.swift; path = SceneDelegate.swift; sourceTree = "<group>"; };
		845B2FE826FBA983009EA07F /* ViewController.swift */ = {isa = PBXFileReference; lastKnownFileType = sourcecode.swift; path = ViewController.swift; sourceTree = "<group>"; };
		845B2FEB26FBA983009EA07F /* Base */ = {isa = PBXFileReference; lastKnownFileType = file.storyboard; name = Base; path = Base.lproj/Main.storyboard; sourceTree = "<group>"; };
		845B2FED26FBA986009EA07F /* Assets.xcassets */ = {isa = PBXFileReference; lastKnownFileType = folder.assetcatalog; path = Assets.xcassets; sourceTree = "<group>"; };
		845B2FF026FBA986009EA07F /* Base */ = {isa = PBXFileReference; lastKnownFileType = file.storyboard; name = Base; path = Base.lproj/LaunchScreen.storyboard; sourceTree = "<group>"; };
		845B2FF226FBA986009EA07F /* Info.plist */ = {isa = PBXFileReference; lastKnownFileType = text.plist.xml; path = Info.plist; sourceTree = "<group>"; };
		845B2FF826FBAAE6009EA07F /* Discovery.swift */ = {isa = PBXFileReference; lastKnownFileType = sourcecode.swift; path = Discovery.swift; sourceTree = "<group>"; };
		845B2FFA26FBABAE009EA07F /* LibraryCell.swift */ = {isa = PBXFileReference; lastKnownFileType = sourcecode.swift; path = LibraryCell.swift; sourceTree = "<group>"; };
		84A7B71626FCE2000031EB2B /* ListenAgainCell.swift */ = {isa = PBXFileReference; lastKnownFileType = sourcecode.swift; path = ListenAgainCell.swift; sourceTree = "<group>"; };
/* End PBXFileReference section */

/* Begin PBXFrameworksBuildPhase section */
		845B2FDE26FBA983009EA07F /* Frameworks */ = {
			isa = PBXFrameworksBuildPhase;
			buildActionMask = 2147483647;
			files = (
			);
			runOnlyForDeploymentPostprocessing = 0;
		};
/* End PBXFrameworksBuildPhase section */

/* Begin PBXGroup section */
		845B2FD826FBA983009EA07F = {
			isa = PBXGroup;
			children = (
				845B2FE326FBA983009EA07F /* CollectionViewDiscover */,
				845B2FE226FBA983009EA07F /* Products */,
			);
			sourceTree = "<group>";
		};
		845B2FE226FBA983009EA07F /* Products */ = {
			isa = PBXGroup;
			children = (
				845B2FE126FBA983009EA07F /* CollectionViewDiscover.app */,
			);
			name = Products;
			sourceTree = "<group>";
		};
		845B2FE326FBA983009EA07F /* CollectionViewDiscover */ = {
			isa = PBXGroup;
			children = (
				845B2FE426FBA983009EA07F /* AppDelegate.swift */,
				845B2FE626FBA983009EA07F /* SceneDelegate.swift */,
				845B2FE826FBA983009EA07F /* ViewController.swift */,
				845B2FEA26FBA983009EA07F /* Main.storyboard */,
				84A7B71626FCE2000031EB2B /* ListenAgainCell.swift */,
				845B2FED26FBA986009EA07F /* Assets.xcassets */,
				845B2FEF26FBA986009EA07F /* LaunchScreen.storyboard */,
				845B2FF226FBA986009EA07F /* Info.plist */,
				845B2FF826FBAAE6009EA07F /* Discovery.swift */,
				845B2FFA26FBABAE009EA07F /* LibraryCell.swift */,
			);
			path = CollectionViewDiscover;
			sourceTree = "<group>";
		};
/* End PBXGroup section */

/* Begin PBXNativeTarget section */
		845B2FE026FBA983009EA07F /* CollectionViewDiscover */ = {
			isa = PBXNativeTarget;
			buildConfigurationList = 845B2FF526FBA986009EA07F /* Build configuration list for PBXNativeTarget "CollectionViewDiscover" */;
			buildPhases = (
				845B2FDD26FBA983009EA07F /* Sources */,
				845B2FDE26FBA983009EA07F /* Frameworks */,
				845B2FDF26FBA983009EA07F /* Resources */,
			);
			buildRules = (
			);
			dependencies = (
			);
			name = CollectionViewDiscover;
			productName = CollectionViewDiscover;
			productReference = 845B2FE126FBA983009EA07F /* CollectionViewDiscover.app */;
			productType = "com.apple.product-type.application";
		};
/* End PBXNativeTarget section */

/* Begin PBXProject section */
		845B2FD926FBA983009EA07F /* Project object */ = {
			isa = PBXProject;
			attributes = {
				BuildIndependentTargetsInParallel = 1;
				LastSwiftUpdateCheck = 1300;
				LastUpgradeCheck = 1300;
				TargetAttributes = {
					845B2FE026FBA983009EA07F = {
						CreatedOnToolsVersion = 13.0;
					};
				};
			};
			buildConfigurationList = 845B2FDC26FBA983009EA07F /* Build configuration list for PBXProject "CollectionViewDiscover" */;
			compatibilityVersion = "Xcode 13.0";
			developmentRegion = en;
			hasScannedForEncodings = 0;
			knownRegions = (
				en,
				Base,
			);
			mainGroup = 845B2FD826FBA983009EA07F;
			productRefGroup = 845B2FE226FBA983009EA07F /* Products */;
			projectDirPath = "";
			projectRoot = "";
			targets = (
				845B2FE026FBA983009EA07F /* CollectionViewDiscover */,
			);
		};
/* End PBXProject section */

/* Begin PBXResourcesBuildPhase section */
		845B2FDF26FBA983009EA07F /* Resources */ = {
			isa = PBXResourcesBuildPhase;
			buildActionMask = 2147483647;
			files = (
				845B2FF126FBA986009EA07F /* LaunchScreen.storyboard in Resources */,
				845B2FEE26FBA986009EA07F /* Assets.xcassets in Resources */,
				845B2FEC26FBA983009EA07F /* Main.storyboard in Resources */,
			);
			runOnlyForDeploymentPostprocessing = 0;
		};
/* End PBXResourcesBuildPhase section */

/* Begin PBXSourcesBuildPhase section */
		845B2FDD26FBA983009EA07F /* Sources */ = {
			isa = PBXSourcesBuildPhase;
			buildActionMask = 2147483647;
			files = (
				845B2FFB26FBABAE009EA07F /* LibraryCell.swift in Sources */,
				845B2FE926FBA983009EA07F /* ViewController.swift in Sources */,
				845B2FE526FBA983009EA07F /* AppDelegate.swift in Sources */,
				845B2FF926FBAAE6009EA07F /* Discovery.swift in Sources */,
				845B2FE726FBA983009EA07F /* SceneDelegate.swift in Sources */,
				84A7B71726FCE2000031EB2B /* ListenAgainCell.swift in Sources */,
			);
			runOnlyForDeploymentPostprocessing = 0;
		};
/* End PBXSourcesBuildPhase section */

/* Begin PBXVariantGroup section */
		845B2FEA26FBA983009EA07F /* Main.storyboard */ = {
			isa = PBXVariantGroup;
			children = (
				845B2FEB26FBA983009EA07F /* Base */,
			);
			name = Main.storyboard;
			sourceTree = "<group>";
		};
		845B2FEF26FBA986009EA07F /* LaunchScreen.storyboard */ = {
			isa = PBXVariantGroup;
			children = (
				845B2FF026FBA986009EA07F /* Base */,
			);
			name = LaunchScreen.storyboard;
			sourceTree = "<group>";
		};
/* End PBXVariantGroup section */

/* Begin XCBuildConfiguration section */
		845B2FF326FBA986009EA07F /* Debug */ = {
			isa = XCBuildConfiguration;
			buildSettings = {
				ALWAYS_SEARCH_USER_PATHS = NO;
				CLANG_ANALYZER_NONNULL = YES;
				CLANG_ANALYZER_NUMBER_OBJECT_CONVERSION = YES_AGGRESSIVE;
				CLANG_CXX_LANGUAGE_STANDARD = "gnu++17";
				CLANG_CXX_LIBRARY = "libc++";
				CLANG_ENABLE_MODULES = YES;
				CLANG_ENABLE_OBJC_ARC = YES;
				CLANG_ENABLE_OBJC_WEAK = YES;
				CLANG_WARN_BLOCK_CAPTURE_AUTORELEASING = YES;
				CLANG_WARN_BOOL_CONVERSION = YES;
				CLANG_WARN_COMMA = YES;
				CLANG_WARN_CONSTANT_CONVERSION = YES;
				CLANG_WARN_DEPRECATED_OBJC_IMPLEMENTATIONS = YES;
				CLANG_WARN_DIRECT_OBJC_ISA_USAGE = YES_ERROR;
				CLANG_WARN_DOCUMENTATION_COMMENTS = YES;
				CLANG_WARN_EMPTY_BODY = YES;
				CLANG_WARN_ENUM_CONVERSION = YES;
				CLANG_WARN_INFINITE_RECURSION = YES;
				CLANG_WARN_INT_CONVERSION = YES;
				CLANG_WARN_NON_LITERAL_NULL_CONVERSION = YES;
				CLANG_WARN_OBJC_IMPLICIT_RETAIN_SELF = YES;
				CLANG_WARN_OBJC_LITERAL_CONVERSION = YES;
				CLANG_WARN_OBJC_ROOT_CLASS = YES_ERROR;
				CLANG_WARN_QUOTED_INCLUDE_IN_FRAMEWORK_HEADER = YES;
				CLANG_WARN_RANGE_LOOP_ANALYSIS = YES;
				CLANG_WARN_STRICT_PROTOTYPES = YES;
				CLANG_WARN_SUSPICIOUS_MOVE = YES;
				CLANG_WARN_UNGUARDED_AVAILABILITY = YES_AGGRESSIVE;
				CLANG_WARN_UNREACHABLE_CODE = YES;
				CLANG_WARN__DUPLICATE_METHOD_MATCH = YES;
				COPY_PHASE_STRIP = NO;
				DEBUG_INFORMATION_FORMAT = dwarf;
				ENABLE_STRICT_OBJC_MSGSEND = YES;
				ENABLE_TESTABILITY = YES;
				GCC_C_LANGUAGE_STANDARD = gnu11;
				GCC_DYNAMIC_NO_PIC = NO;
				GCC_NO_COMMON_BLOCKS = YES;
				GCC_OPTIMIZATION_LEVEL = 0;
				GCC_PREPROCESSOR_DEFINITIONS = (
					"DEBUG=1",
					"$(inherited)",
				);
				GCC_WARN_64_TO_32_BIT_CONVERSION = YES;
				GCC_WARN_ABOUT_RETURN_TYPE = YES_ERROR;
				GCC_WARN_UNDECLARED_SELECTOR = YES;
				GCC_WARN_UNINITIALIZED_AUTOS = YES_AGGRESSIVE;
				GCC_WARN_UNUSED_FUNCTION = YES;
				GCC_WARN_UNUSED_VARIABLE = YES;
				IPHONEOS_DEPLOYMENT_TARGET = 15.0;
				MTL_ENABLE_DEBUG_INFO = INCLUDE_SOURCE;
				MTL_FAST_MATH = YES;
				ONLY_ACTIVE_ARCH = YES;
				SDKROOT = iphoneos;
				SWIFT_ACTIVE_COMPILATION_CONDITIONS = DEBUG;
				SWIFT_OPTIMIZATION_LEVEL = "-Onone";
			};
			name = Debug;
		};
		845B2FF426FBA986009EA07F /* Release */ = {
			isa = XCBuildConfiguration;
			buildSettings = {
				ALWAYS_SEARCH_USER_PATHS = NO;
				CLANG_ANALYZER_NONNULL = YES;
				CLANG_ANALYZER_NUMBER_OBJECT_CONVERSION = YES_AGGRESSIVE;
				CLANG_CXX_LANGUAGE_STANDARD = "gnu++17";
				CLANG_CXX_LIBRARY = "libc++";
				CLANG_ENABLE_MODULES = YES;
				CLANG_ENABLE_OBJC_ARC = YES;
				CLANG_ENABLE_OBJC_WEAK = YES;
				CLANG_WARN_BLOCK_CAPTURE_AUTORELEASING = YES;
				CLANG_WARN_BOOL_CONVERSION = YES;
				CLANG_WARN_COMMA = YES;
				CLANG_WARN_CONSTANT_CONVERSION = YES;
				CLANG_WARN_DEPRECATED_OBJC_IMPLEMENTATIONS = YES;
				CLANG_WARN_DIRECT_OBJC_ISA_USAGE = YES_ERROR;
				CLANG_WARN_DOCUMENTATION_COMMENTS = YES;
				CLANG_WARN_EMPTY_BODY = YES;
				CLANG_WARN_ENUM_CONVERSION = YES;
				CLANG_WARN_INFINITE_RECURSION = YES;
				CLANG_WARN_INT_CONVERSION = YES;
				CLANG_WARN_NON_LITERAL_NULL_CONVERSION = YES;
				CLANG_WARN_OBJC_IMPLICIT_RETAIN_SELF = YES;
				CLANG_WARN_OBJC_LITERAL_CONVERSION = YES;
				CLANG_WARN_OBJC_ROOT_CLASS = YES_ERROR;
				CLANG_WARN_QUOTED_INCLUDE_IN_FRAMEWORK_HEADER = YES;
				CLANG_WARN_RANGE_LOOP_ANALYSIS = YES;
				CLANG_WARN_STRICT_PROTOTYPES = YES;
				CLANG_WARN_SUSPICIOUS_MOVE = YES;
				CLANG_WARN_UNGUARDED_AVAILABILITY = YES_AGGRESSIVE;
				CLANG_WARN_UNREACHABLE_CODE = YES;
				CLANG_WARN__DUPLICATE_METHOD_MATCH = YES;
				COPY_PHASE_STRIP = NO;
				DEBUG_INFORMATION_FORMAT = "dwarf-with-dsym";
				ENABLE_NS_ASSERTIONS = NO;
				ENABLE_STRICT_OBJC_MSGSEND = YES;
				GCC_C_LANGUAGE_STANDARD = gnu11;
				GCC_NO_COMMON_BLOCKS = YES;
				GCC_WARN_64_TO_32_BIT_CONVERSION = YES;
				GCC_WARN_ABOUT_RETURN_TYPE = YES_ERROR;
				GCC_WARN_UNDECLARED_SELECTOR = YES;
				GCC_WARN_UNINITIALIZED_AUTOS = YES_AGGRESSIVE;
				GCC_WARN_UNUSED_FUNCTION = YES;
				GCC_WARN_UNUSED_VARIABLE = YES;
				IPHONEOS_DEPLOYMENT_TARGET = 15.0;
				MTL_ENABLE_DEBUG_INFO = NO;
				MTL_FAST_MATH = YES;
				SDKROOT = iphoneos;
				SWIFT_COMPILATION_MODE = wholemodule;
				SWIFT_OPTIMIZATION_LEVEL = "-O";
				VALIDATE_PRODUCT = YES;
			};
			name = Release;
		};
		845B2FF626FBA986009EA07F /* Debug */ = {
			isa = XCBuildConfiguration;
			buildSettings = {
				ASSETCATALOG_COMPILER_APPICON_NAME = AppIcon;
				ASSETCATALOG_COMPILER_GLOBAL_ACCENT_COLOR_NAME = AccentColor;
				CODE_SIGN_STYLE = Automatic;
				CURRENT_PROJECT_VERSION = 1;
				DEVELOPMENT_TEAM = 8HS35WKYD8;
				GENERATE_INFOPLIST_FILE = YES;
				INFOPLIST_FILE = CollectionViewDiscover/Info.plist;
				INFOPLIST_KEY_UIApplicationSupportsIndirectInputEvents = YES;
				INFOPLIST_KEY_UILaunchStoryboardName = LaunchScreen;
				INFOPLIST_KEY_UIMainStoryboardFile = Main;
				INFOPLIST_KEY_UISupportedInterfaceOrientations_iPad = "UIInterfaceOrientationPortrait UIInterfaceOrientationPortraitUpsideDown UIInterfaceOrientationLandscapeLeft UIInterfaceOrientationLandscapeRight";
				INFOPLIST_KEY_UISupportedInterfaceOrientations_iPhone = "UIInterfaceOrientationPortrait UIInterfaceOrientationLandscapeLeft UIInterfaceOrientationLandscapeRight";
				LD_RUNPATH_SEARCH_PATHS = (
					"$(inherited)",
					"@executable_path/Frameworks",
				);
				MARKETING_VERSION = 1.0;
				PRODUCT_BUNDLE_IDENTIFIER = joaoCervo.CollectionViewDiscover;
				PRODUCT_NAME = "$(TARGET_NAME)";
				SWIFT_EMIT_LOC_STRINGS = YES;
				SWIFT_VERSION = 5.0;
				TARGETED_DEVICE_FAMILY = "1,2";
			};
			name = Debug;
		};
		845B2FF726FBA986009EA07F /* Release */ = {
			isa = XCBuildConfiguration;
			buildSettings = {
				ASSETCATALOG_COMPILER_APPICON_NAME = AppIcon;
				ASSETCATALOG_COMPILER_GLOBAL_ACCENT_COLOR_NAME = AccentColor;
				CODE_SIGN_STYLE = Automatic;
				CURRENT_PROJECT_VERSION = 1;
				DEVELOPMENT_TEAM = 8HS35WKYD8;
				GENERATE_INFOPLIST_FILE = YES;
				INFOPLIST_FILE = CollectionViewDiscover/Info.plist;
				INFOPLIST_KEY_UIApplicationSupportsIndirectInputEvents = YES;
				INFOPLIST_KEY_UILaunchStoryboardName = LaunchScreen;
				INFOPLIST_KEY_UIMainStoryboardFile = Main;
				INFOPLIST_KEY_UISupportedInterfaceOrientations_iPad = "UIInterfaceOrientationPortrait UIInterfaceOrientationPortraitUpsideDown UIInterfaceOrientationLandscapeLeft UIInterfaceOrientationLandscapeRight";
				INFOPLIST_KEY_UISupportedInterfaceOrientations_iPhone = "UIInterfaceOrientationPortrait UIInterfaceOrientationLandscapeLeft UIInterfaceOrientationLandscapeRight";
				LD_RUNPATH_SEARCH_PATHS = (
					"$(inherited)",
					"@executable_path/Frameworks",
				);
				MARKETING_VERSION = 1.0;
				PRODUCT_BUNDLE_IDENTIFIER = joaoCervo.CollectionViewDiscover;
				PRODUCT_NAME = "$(TARGET_NAME)";
				SWIFT_EMIT_LOC_STRINGS = YES;
				SWIFT_VERSION = 5.0;
				TARGETED_DEVICE_FAMILY = "1,2";
			};
			name = Release;
		};
/* End XCBuildConfiguration section */

/* Begin XCConfigurationList section */
		845B2FDC26FBA983009EA07F /* Build configuration list for PBXProject "CollectionViewDiscover" */ = {
			isa = XCConfigurationList;
			buildConfigurations = (
				845B2FF326FBA986009EA07F /* Debug */,
				845B2FF426FBA986009EA07F /* Release */,
			);
			defaultConfigurationIsVisible = 0;
			defaultConfigurationName = Release;
		};
		845B2FF526FBA986009EA07F /* Build configuration list for PBXNativeTarget "CollectionViewDiscover" */ = {
			isa = XCConfigurationList;
			buildConfigurations = (
				845B2FF626FBA986009EA07F /* Debug */,
				845B2FF726FBA986009EA07F /* Release */,
			);
			defaultConfigurationIsVisible = 0;
			defaultConfigurationName = Release;
		};
/* End XCConfigurationList section */
	};
	rootObject = 845B2FD926FBA983009EA07F /* Project object */;
}
